
Microsoft Visual Studio Solution File, Format Version 12.00
# Visual Studio Version 16
VisualStudioVersion = 16.0.29509.3
MinimumVisualStudioVersion = 10.0.40219.1
Project("{9A19103F-16F7-4668-BE54-9A1E7A4F7556}") = "ConsoleApp", "ConsoleApp\ConsoleApp.csproj", "{3991528E-3D4F-4A4C-8BE9-E9558AC42A9B}"
EndProject
Project("{9A19103F-16F7-4668-BE54-9A1E7A4F7556}") = "a3innuva.Tutorial.Interfaces", "a3innuva.Tutorial.Interfaces\a3innuva.Tutorial.Interfaces.csproj", "{ADDDFD77-CD4F-4D92-8036-CE0F4B25E5C8}"
EndProject
Project("{9A19103F-16F7-4668-BE54-9A1E7A4F7556}") = "a3innuva.Tutorial.Implementations", "a3innuva.Tutorial.Implementations\a3innuva.Tutorial.Implementations.csproj", "{91688A64-6D5D-49AC-A404-86D93746340F}"
EndProject
Global
	GlobalSection(SolutionConfigurationPlatforms) = preSolution
		Debug|Any CPU = Debug|Any CPU
		Release|Any CPU = Release|Any CPU
	EndGlobalSection
	GlobalSection(ProjectConfigurationPlatforms) = postSolution
		{3991528E-3D4F-4A4C-8BE9-E9558AC42A9B}.Debug|Any CPU.ActiveCfg = Debug|Any CPU
		{3991528E-3D4F-4A4C-8BE9-E9558AC42A9B}.Debug|Any CPU.Build.0 = Debug|Any CPU
		{3991528E-3D4F-4A4C-8BE9-E9558AC42A9B}.Release|Any CPU.ActiveCfg = Release|Any CPU
		{3991528E-3D4F-4A4C-8BE9-E9558AC42A9B}.Release|Any CPU.Build.0 = Release|Any CPU
		{ADDDFD77-CD4F-4D92-8036-CE0F4B25E5C8}.Debug|Any CPU.ActiveCfg = Debug|Any CPU
		{ADDDFD77-CD4F-4D92-8036-CE0F4B25E5C8}.Debug|Any CPU.Build.0 = Debug|Any CPU
		{ADDDFD77-CD4F-4D92-8036-CE0F4B25E5C8}.Release|Any CPU.ActiveCfg = Release|Any CPU
		{ADDDFD77-CD4F-4D92-8036-CE0F4B25E5C8}.Release|Any CPU.Build.0 = Release|Any CPU
		{91688A64-6D5D-49AC-A404-86D93746340F}.Debug|Any CPU.ActiveCfg = Debug|Any CPU
		{91688A64-6D5D-49AC-A404-86D93746340F}.Debug|Any CPU.Build.0 = Debug|Any CPU
		{91688A64-6D5D-49AC-A404-86D93746340F}.Release|Any CPU.ActiveCfg = Release|Any CPU
		{91688A64-6D5D-49AC-A404-86D93746340F}.Release|Any CPU.Build.0 = Release|Any CPU
	EndGlobalSection
	GlobalSection(SolutionProperties) = preSolution
		HideSolutionNode = FALSE
	EndGlobalSection
	GlobalSection(ExtensibilityGlobals) = postSolution
		SolutionGuid = {DCE8FEFA-95BE-4FF8-BCB2-DFB2C046BC7B}
	EndGlobalSection
EndGlobal
